# THIS IS AN AUTOGENERATED FILE. DO NOT EDIT THIS FILE DIRECTLY.
# yarn lockfile v1


"@angular-material-components/datetime-picker@^9.0.0":
  version "9.0.0"
  resolved "https://registry.yarnpkg.com/@angular-material-components/datetime-picker/-/datetime-picker-9.0.0.tgz#4fe6134bc6bdb9af65898223a3a5d2b14f80513c"
  integrity sha512-F+yf5kxzu62q1H2ZiVbKGfKHlszQhYN/avZyejCyq7bI7V9kg93BaTJ+ACOf9NEtM05USzrLXdiBGjEAMW82aQ==
  dependencies:
    tslib "^2.3.0"

tslib@^2.3.0:
  version "2.4.1"
  resolved "https://registry.yarnpkg.com/tslib/-/tslib-2.4.1.tgz#0d0bfbaac2880b91e22df0768e55be9753a5b17e"
  integrity sha512-tGyy4dAjRIEwI7BzsB0lynWgOpfqjUdq91XXAlIWD2OwKBH7oCl/GZG/HT4BOHrTlPMOASlMQ7veyTqpmRcrNA==
